{
  "requires": true,
  "lockfileVersion": 1,
  "dependencies": {
    "@red-mobile/cordova-plugin-background-mode": {
      "version": "0.7.4",
      "resolved": "https://registry.npmjs.org/@red-mobile/cordova-plugin-background-mode/-/cordova-plugin-background-mode-0.7.4.tgz",
      "integrity": "sha512-zL78PORn1Sj8cOL//uzeG1nIbQLuYCJEro5ZsDvkFm8NrIBiD2FsNODteevFyQCspOKyzbFikfpLfDJHt3sPSQ=="
    },
    "cordova-plugin-battery-status": {
      "version": "1.1.2",
      "resolved": "https://registry.npmjs.org/cordova-plugin-battery-status/-/cordova-plugin-battery-status-1.1.2.tgz",
      "integrity": "sha1-QZIcdKvA2z431i88XcT94MYQkOQ=",
      "dev": true
    },
    "cordova-plugin-camera": {
      "version": "2.1.1",
      "resolved": "https://registry.npmjs.org/cordova-plugin-camera/-/cordova-plugin-camera-2.1.1.tgz",
      "integrity": "sha1-lIi6NiBOMnFIDb6C2apwijUt9+s=",
      "dev": true
    },
    "cordova-plugin-console": {
      "version": "1.0.7",
      "resolved": "https://registry.npmjs.org/cordova-plugin-console/-/cordova-plugin-console-1.0.7.tgz",
      "integrity": "sha1-ibepLtHDNYiN/ADZAtxBcgHPOws=",
      "dev": true
    },
    "cordova-plugin-contacts": {
      "version": "2.0.1",
      "resolved": "https://registry.npmjs.org/cordova-plugin-contacts/-/cordova-plugin-contacts-2.0.1.tgz",
      "integrity": "sha1-czw2mTj0deoFdmxhVVj3QSVphIk=",
      "dev": true
    },
    "cordova-plugin-device": {
      "version": "1.1.7",
      "resolved": "https://registry.npmjs.org/cordova-plugin-device/-/cordova-plugin-device-1.1.7.tgz",
      "integrity": "sha1-/JQRG+aTJijGaGiTjd89yCyfv+Y=",
      "dev": true
    },
    "cordova-plugin-device-motion": {
      "version": "1.2.5",
      "resolved": "https://registry.npmjs.org/cordova-plugin-device-motion/-/cordova-plugin-device-motion-1.2.5.tgz",
      "integrity": "sha1-e1jt2dVQ3wpvua76tVuW1UkLGlY=",
      "dev": true
    },
    "cordova-plugin-device-orientation": {
      "version": "1.0.7",
      "resolved": "https://registry.npmjs.org/cordova-plugin-device-orientation/-/cordova-plugin-device-orientation-1.0.7.tgz",
      "integrity": "sha1-rIx5i+jtsOVbYf7GjtqQk+SGvws=",
      "dev": true
    },
    "cordova-plugin-dialogs": {
      "version": "1.2.1",
      "resolved": "https://registry.npmjs.org/cordova-plugin-dialogs/-/cordova-plugin-dialogs-1.2.1.tgz",
      "integrity": "sha1-dDvIrwB2oQp29VbFE0ClMBY9MVM=",
      "dev": true
    },
    "cordova-plugin-file-transfer": {
      "version": "1.5.1",
      "resolved": "https://registry.npmjs.org/cordova-plugin-file-transfer/-/cordova-plugin-file-transfer-1.5.1.tgz",
      "integrity": "sha1-z5tjTo8yg0goAstfCzgdQPVGU5g=",
      "dev": true
    },
    "cordova-plugin-fullscreen": {
      "version": "1.2.0",
      "resolved": "https://registry.npmjs.org/cordova-plugin-fullscreen/-/cordova-plugin-fullscreen-1.2.0.tgz",
      "integrity": "sha512-cl8mE1MoTjv4JlwV6dw3nOc7Qj18WuNJLf2jHWUmRTYzCI/SW9ym/ghSVvonTVnaoECuHrOpmAfUoFzbb8kf2Q=="
    },
    "cordova-plugin-geolocation": {
      "version": "2.1.0",
      "resolved": "https://registry.npmjs.org/cordova-plugin-geolocation/-/cordova-plugin-geolocation-2.1.0.tgz",
      "integrity": "sha1-7grBx3Fh6bC3O0fSFpYbvAV+5Es=",
      "dev": true
    },
    "cordova-plugin-globalization": {
      "version": "1.0.9",
      "resolved": "https://registry.npmjs.org/cordova-plugin-globalization/-/cordova-plugin-globalization-1.0.9.tgz",
      "integrity": "sha1-RluZmP7qC4iIRNCc19oCv6Jst6M=",
      "dev": true
    },
    "cordova-plugin-inappbrowser": {
      "version": "1.3.0",
      "resolved": "https://registry.npmjs.org/cordova-plugin-inappbrowser/-/cordova-plugin-inappbrowser-1.3.0.tgz",
      "integrity": "sha1-FvAIUwC8mHFzPLH5qXeNLxT7YYc=",
      "dev": true
    },
    "cordova-plugin-media": {
      "version": "2.2.0",
      "resolved": "https://registry.npmjs.org/cordova-plugin-media/-/cordova-plugin-media-2.2.0.tgz",
      "integrity": "sha1-3ij7BbwVxpaisxCzbEcP3WFtbEI=",
      "dev": true
    },
    "cordova-plugin-media-capture": {
      "version": "1.2.0",
      "resolved": "https://registry.npmjs.org/cordova-plugin-media-capture/-/cordova-plugin-media-capture-1.2.0.tgz",
      "integrity": "sha1-tktdtWP6i6FwUrzkTExe7XcSGes=",
      "dev": true
    },
    "cordova-plugin-network-information": {
      "version": "1.2.1",
      "resolved": "https://registry.npmjs.org/cordova-plugin-network-information/-/cordova-plugin-network-information-1.2.1.tgz",
      "integrity": "sha1-H9e3KvBmJBW5VcV2OPe3dnyEPZg=",
      "dev": true
    },
    "cordova-plugin-playlist": {
      "version": "0.10.0",
      "resolved": "https://registry.npmjs.org/cordova-plugin-playlist/-/cordova-plugin-playlist-0.10.0.tgz",
      "integrity": "sha512-DEGVXnCNdeGpo6wWHx++1ILN2MqcXGMT6ObSRxq0F+ung/gRYfduB36GoX4m7ADwhzoslCBGNEWwRipAP17XBA==",
      "requires": {
        "fs-extra": "^5.0.0",
        "q": "^1.5.1",
        "semver": "^5.5.0",
        "xml2js": "^0.4.19"
      }
    },
    "cordova-plugin-splashscreen": {
      "version": "3.2.2",
      "resolved": "https://registry.npmjs.org/cordova-plugin-splashscreen/-/cordova-plugin-splashscreen-3.2.2.tgz",
      "integrity": "sha1-1WOL+wi9vJqz59owwhdL5kzwJ7A=",
      "dev": true
    },
    "cordova-plugin-statusbar": {
      "version": "2.1.3",
      "resolved": "https://registry.npmjs.org/cordova-plugin-statusbar/-/cordova-plugin-statusbar-2.1.3.tgz",
      "integrity": "sha1-lwRKjK8U1To0cpb2/LFe9c0+q4g=",
      "dev": true
    },
    "cordova-plugin-vibration": {
      "version": "2.1.6",
      "resolved": "https://registry.npmjs.org/cordova-plugin-vibration/-/cordova-plugin-vibration-2.1.6.tgz",
      "integrity": "sha1-5XKViSzxXkSwyZ+P60R3Q5XLSj4=",
      "dev": true
    },
    "cordova-plugin-whitelist": {
      "version": "1.2.2",
      "resolved": "https://registry.npmjs.org/cordova-plugin-whitelist/-/cordova-plugin-whitelist-1.2.2.tgz",
      "integrity": "sha1-CFk/yVeIViCdQ3t2yLBHUp8Z9iM=",
      "dev": true
    },
    "fs-extra": {
      "version": "5.0.0",
      "resolved": "https://registry.npmjs.org/fs-extra/-/fs-extra-5.0.0.tgz",
      "integrity": "sha512-66Pm4RYbjzdyeuqudYqhFiNBbCIuI9kgRqLPSHIlXHidW8NIQtVdkM1yeZ4lXwuhbTETv3EUGMNHAAw6hiundQ==",
      "requires": {
        "graceful-fs": "^4.1.2",
        "jsonfile": "^4.0.0",
        "universalify": "^0.1.0"
      }
    },
    "graceful-fs": {
      "version": "4.2.4",
      "resolved": "https://registry.npmjs.org/graceful-fs/-/graceful-fs-4.2.4.tgz",
      "integrity": "sha512-WjKPNJF79dtJAVniUlGGWHYGz2jWxT6VhN/4m1NdkbZ2nOsEF+cI1Edgql5zCRhs/VsQYRvrXctxktVXZUkixw=="
    },
    "jsonfile": {
      "version": "4.0.0",
      "resolved": "https://registry.npmjs.org/jsonfile/-/jsonfile-4.0.0.tgz",
      "integrity": "sha1-h3Gq4HmbZAdrdmQPygWPnBDjPss=",
      "requires": {
        "graceful-fs": "^4.1.6"
      }
    },
    "q": {
      "version": "1.5.1",
      "resolved": "https://registry.npmjs.org/q/-/q-1.5.1.tgz",
      "integrity": "sha1-fjL3W0E4EpHQRhHxvxQQmsAGUdc="
    },
    "sax": {
      "version": "1.2.4",
      "resolved": "https://registry.npmjs.org/sax/-/sax-1.2.4.tgz",
      "integrity": "sha512-NqVDv9TpANUjFm0N8uM5GxL36UgKi9/atZw+x7YFnQ8ckwFGKrl4xX4yWtrey3UJm5nP1kUbnYgLopqWNSRhWw=="
    },
    "semver": {
      "version": "5.7.1",
      "resolved": "https://registry.npmjs.org/semver/-/semver-5.7.1.tgz",
      "integrity": "sha512-sauaDf/PZdVgrLTNYHRtpXa1iRiKcaebiKQ1BJdpQlWH2lCvexQdX55snPFyK7QzpudqbCI0qXFfOasHdyNDGQ=="
    },
    "universalify": {
      "version": "0.1.2",
      "resolved": "https://registry.npmjs.org/universalify/-/universalify-0.1.2.tgz",
      "integrity": "sha512-rBJeI5CXAlmy1pV+617WB9J63U6XcazHHF2f2dbJix4XzpUF0RS3Zbj0FGIOCAva5P/d/GBOYaACQ1w+0azUkg=="
    },
    "xml2js": {
      "version": "0.4.23",
      "resolved": "https://registry.npmjs.org/xml2js/-/xml2js-0.4.23.tgz",
      "integrity": "sha512-ySPiMjM0+pLDftHgXY4By0uswI3SPKLDw/i3UXbnO8M/p28zqexCUoPmQFrYD+/1BzhGJSs2i1ERWKJAtiLrug==",
      "requires": {
        "sax": ">=0.6.0",
        "xmlbuilder": "~11.0.0"
      }
    },
    "xmlbuilder": {
      "version": "11.0.1",
      "resolved": "https://registry.npmjs.org/xmlbuilder/-/xmlbuilder-11.0.1.tgz",
      "integrity": "sha512-fDlsI/kFEx7gLvbecc0/ohLG50fugQp8ryHzMTuW9vSa1GJ0XYWKnhsUx7oie3G98+r56aTQIUB4kht42R3JvA=="
    }
  }
}
